
Microsoft Visual Studio Solution File, Format Version 12.00
# Visual Studio Version 17
VisualStudioVersion = 17.6.33712.159
MinimumVisualStudioVersion = 10.0.40219.1
Project("{9A19103F-16F7-4668-BE54-9A1E7A4F7556}") = "CodingWiki_Web", "CodingWiki_Web\CodingWiki_Web.csproj", "{6BB4D256-FB51-48E8-93D5-3F0EB7766A56}"
EndProject
Project("{FAE04EC0-301F-11D3-BF4B-00C04F79EFBC}") = "CodingWiki_DataAccess", "CodingWiki_DataAccess\CodingWiki_DataAccess.csproj", "{B07E0018-067C-43E9-9C41-0C2E7A07AB94}"
EndProject
Project("{FAE04EC0-301F-11D3-BF4B-00C04F79EFBC}") = "CodingWiki_Model", "CodingWiki_Model\CodingWiki_Model.csproj", "{8663BE80-2366-41F8-BEB0-4E6C66EB74D3}"
EndProject
Global
	GlobalSection(SolutionConfigurationPlatforms) = preSolution
		Debug|Any CPU = Debug|Any CPU
		Release|Any CPU = Release|Any CPU
	EndGlobalSection
	GlobalSection(ProjectConfigurationPlatforms) = postSolution
		{6BB4D256-FB51-48E8-93D5-3F0EB7766A56}.Debug|Any CPU.ActiveCfg = Debug|Any CPU
		{6BB4D256-FB51-48E8-93D5-3F0EB7766A56}.Debug|Any CPU.Build.0 = Debug|Any CPU
		{6BB4D256-FB51-48E8-93D5-3F0EB7766A56}.Release|Any CPU.ActiveCfg = Release|Any CPU
		{6BB4D256-FB51-48E8-93D5-3F0EB7766A56}.Release|Any CPU.Build.0 = Release|Any CPU
		{B07E0018-067C-43E9-9C41-0C2E7A07AB94}.Debug|Any CPU.ActiveCfg = Debug|Any CPU
		{B07E0018-067C-43E9-9C41-0C2E7A07AB94}.Debug|Any CPU.Build.0 = Debug|Any CPU
		{B07E0018-067C-43E9-9C41-0C2E7A07AB94}.Release|Any CPU.ActiveCfg = Release|Any CPU
		{B07E0018-067C-43E9-9C41-0C2E7A07AB94}.Release|Any CPU.Build.0 = Release|Any CPU
		{8663BE80-2366-41F8-BEB0-4E6C66EB74D3}.Debug|Any CPU.ActiveCfg = Debug|Any CPU
		{8663BE80-2366-41F8-BEB0-4E6C66EB74D3}.Debug|Any CPU.Build.0 = Debug|Any CPU
		{8663BE80-2366-41F8-BEB0-4E6C66EB74D3}.Release|Any CPU.ActiveCfg = Release|Any CPU
		{8663BE80-2366-41F8-BEB0-4E6C66EB74D3}.Release|Any CPU.Build.0 = Release|Any CPU
	EndGlobalSection
	GlobalSection(SolutionProperties) = preSolution
		HideSolutionNode = FALSE
	EndGlobalSection
	GlobalSection(ExtensibilityGlobals) = postSolution
		SolutionGuid = {5A0AE2DE-C60C-4626-A073-B4A6DCA0CA68}
	EndGlobalSection
EndGlobal
